// !$*UTF8*$!
{
	archiveVersion = 1;
	classes = {
	};
	objectVersion = 50;
	objects = {

/* Begin PBXBuildFile section */
		7714D2C6215080D200349479 /* AppDelegate.m in Sources */ = {isa = PBXBuildFile; fileRef = 7714D2C5215080D200349479 /* AppDelegate.m */; };
		7714D2C9215080D200349479 /* ViewController.m in Sources */ = {isa = PBXBuildFile; fileRef = 7714D2C8215080D200349479 /* ViewController.m */; };
		7714D2CC215080D200349479 /* Main.storyboard in Resources */ = {isa = PBXBuildFile; fileRef = 7714D2CA215080D200349479 /* Main.storyboard */; };
		7714D2CE215080D400349479 /* Assets.xcassets in Resources */ = {isa = PBXBuildFile; fileRef = 7714D2CD215080D400349479 /* Assets.xcassets */; };
		7714D2D1215080D400349479 /* LaunchScreen.storyboard in Resources */ = {isa = PBXBuildFile; fileRef = 7714D2CF215080D400349479 /* LaunchScreen.storyboard */; };
		7714D2D4215080D400349479 /* main.m in Sources */ = {isa = PBXBuildFile; fileRef = 7714D2D3215080D400349479 /* main.m */; };
		7714D2DC2150813500349479 /* DetailViewController.m in Sources */ = {isa = PBXBuildFile; fileRef = 7714D2DB2150813500349479 /* DetailViewController.m */; };
		7714D2E62150928100349479 /* ForwardingObject.m in Sources */ = {isa = PBXBuildFile; fileRef = 7714D2E52150928100349479 /* ForwardingObject.m */; };
/* End PBXBuildFile section */

/* Begin PBXFileReference section */
		7714D2C1215080D200349479 /* SafaTimer.app */ = {isa = PBXFileReference; explicitFileType = wrapper.application; includeInIndex = 0; path = SafaTimer.app; sourceTree = BUILT_PRODUCTS_DIR; };
		7714D2C4215080D200349479 /* AppDelegate.h */ = {isa = PBXFileReference; lastKnownFileType = sourcecode.c.h; path = AppDelegate.h; sourceTree = "<group>"; };
		7714D2C5215080D200349479 /* AppDelegate.m */ = {isa = PBXFileReference; lastKnownFileType = sourcecode.c.objc; path = AppDelegate.m; sourceTree = "<group>"; };
		7714D2C7215080D200349479 /* ViewController.h */ = {isa = PBXFileReference; lastKnownFileType = sourcecode.c.h; path = ViewController.h; sourceTree = "<group>"; };
		7714D2C8215080D200349479 /* ViewController.m */ = {isa = PBXFileReference; lastKnownFileType = sourcecode.c.objc; path = ViewController.m; sourceTree = "<group>"; };
		7714D2CB215080D200349479 /* Base */ = {isa = PBXFileReference; lastKnownFileType = file.storyboard; name = Base; path = Base.lproj/Main.storyboard; sourceTree = "<group>"; };
		7714D2CD215080D400349479 /* Assets.xcassets */ = {isa = PBXFileReference; lastKnownFileType = folder.assetcatalog; path = Assets.xcassets; sourceTree = "<group>"; };
		7714D2D0215080D400349479 /* Base */ = {isa = PBXFileReference; lastKnownFileType = file.storyboard; name = Base; path = Base.lproj/LaunchScreen.storyboard; sourceTree = "<group>"; };
		7714D2D2215080D400349479 /* Info.plist */ = {isa = PBXFileReference; lastKnownFileType = text.plist.xml; path = Info.plist; sourceTree = "<group>"; };
		7714D2D3215080D400349479 /* main.m */ = {isa = PBXFileReference; lastKnownFileType = sourcecode.c.objc; path = main.m; sourceTree = "<group>"; };
		7714D2DA2150813500349479 /* DetailViewController.h */ = {isa = PBXFileReference; lastKnownFileType = sourcecode.c.h; path = DetailViewController.h; sourceTree = "<group>"; };
		7714D2DB2150813500349479 /* DetailViewController.m */ = {isa = PBXFileReference; lastKnownFileType = sourcecode.c.objc; path = DetailViewController.m; sourceTree = "<group>"; };
		7714D2E42150928100349479 /* ForwardingObject.h */ = {isa = PBXFileReference; lastKnownFileType = sourcecode.c.h; path = ForwardingObject.h; sourceTree = "<group>"; };
		7714D2E52150928100349479 /* ForwardingObject.m */ = {isa = PBXFileReference; lastKnownFileType = sourcecode.c.objc; path = ForwardingObject.m; sourceTree = "<group>"; };
/* End PBXFileReference section */

/* Begin PBXFrameworksBuildPhase section */
		7714D2BE215080D200349479 /* Frameworks */ = {
			isa = PBXFrameworksBuildPhase;
			buildActionMask = 2147483647;
			files = (
			);
			runOnlyForDeploymentPostprocessing = 0;
		};
/* End PBXFrameworksBuildPhase section */

/* Begin PBXGroup section */
		7714D2B8215080D200349479 = {
			isa = PBXGroup;
			children = (
				7714D2C3215080D200349479 /* SafaTimer */,
				7714D2C2215080D200349479 /* Products */,
			);
			sourceTree = "<group>";
		};
		7714D2C2215080D200349479 /* Products */ = {
			isa = PBXGroup;
			children = (
				7714D2C1215080D200349479 /* SafaTimer.app */,
			);
			name = Products;
			sourceTree = "<group>";
		};
		7714D2C3215080D200349479 /* SafaTimer */ = {
			isa = PBXGroup;
			children = (
				7714D2C4215080D200349479 /* AppDelegate.h */,
				7714D2C5215080D200349479 /* AppDelegate.m */,
				7714D2C7215080D200349479 /* ViewController.h */,
				7714D2C8215080D200349479 /* ViewController.m */,
				7714D2DA2150813500349479 /* DetailViewController.h */,
				7714D2DB2150813500349479 /* DetailViewController.m */,
				7714D2E42150928100349479 /* ForwardingObject.h */,
				7714D2E52150928100349479 /* ForwardingObject.m */,
				7714D2CA215080D200349479 /* Main.storyboard */,
				7714D2CD215080D400349479 /* Assets.xcassets */,
				7714D2CF215080D400349479 /* LaunchScreen.storyboard */,
				7714D2D2215080D400349479 /* Info.plist */,
				7714D2D3215080D400349479 /* main.m */,
			);
			path = SafaTimer;
			sourceTree = "<group>";
		};
/* End PBXGroup section */

/* Begin PBXNativeTarget section */
		7714D2C0215080D200349479 /* SafaTimer */ = {
			isa = PBXNativeTarget;
			buildConfigurationList = 7714D2D7215080D400349479 /* Build configuration list for PBXNativeTarget "SafaTimer" */;
			buildPhases = (
				7714D2BD215080D200349479 /* Sources */,
				7714D2BE215080D200349479 /* Frameworks */,
				7714D2BF215080D200349479 /* Resources */,
			);
			buildRules = (
			);
			dependencies = (
			);
			name = SafaTimer;
			productName = SafaTimer;
			productReference = 7714D2C1215080D200349479 /* SafaTimer.app */;
			productType = "com.apple.product-type.application";
		};
/* End PBXNativeTarget section */

/* Begin PBXProject section */
		7714D2B9215080D200349479 /* Project object */ = {
			isa = PBXProject;
			attributes = {
				LastUpgradeCheck = 0940;
				ORGANIZATIONNAME = zhouzhou;
				TargetAttributes = {
					7714D2C0215080D200349479 = {
						CreatedOnToolsVersion = 9.4.1;
					};
				};
			};
			buildConfigurationList = 7714D2BC215080D200349479 /* Build configuration list for PBXProject "SafaTimer" */;
			compatibilityVersion = "Xcode 9.3";
			developmentRegion = en;
			hasScannedForEncodings = 0;
			knownRegions = (
				en,
				Base,
			);
			mainGroup = 7714D2B8215080D200349479;
			productRefGroup = 7714D2C2215080D200349479 /* Products */;
			projectDirPath = "";
			projectRoot = "";
			targets = (
				7714D2C0215080D200349479 /* SafaTimer */,
			);
		};
/* End PBXProject section */

/* Begin PBXResourcesBuildPhase section */
		7714D2BF215080D200349479 /* Resources */ = {
			isa = PBXResourcesBuildPhase;
			buildActionMask = 2147483647;
			files = (
				7714D2D1215080D400349479 /* LaunchScreen.storyboard in Resources */,
				7714D2CE215080D400349479 /* Assets.xcassets in Resources */,
				7714D2CC215080D200349479 /* Main.storyboard in Resources */,
			);
			runOnlyForDeploymentPostprocessing = 0;
		};
/* End PBXResourcesBuildPhase section */

/* Begin PBXSourcesBuildPhase section */
		7714D2BD215080D200349479 /* Sources */ = {
			isa = PBXSourcesBuildPhase;
			buildActionMask = 2147483647;
			files = (
				7714D2C9215080D200349479 /* ViewController.m in Sources */,
				7714D2D4215080D400349479 /* main.m in Sources */,
				7714D2C6215080D200349479 /* AppDelegate.m in Sources */,
				7714D2DC2150813500349479 /* DetailViewController.m in Sources */,
				7714D2E62150928100349479 /* ForwardingObject.m in Sources */,
			);
			runOnlyForDeploymentPostprocessing = 0;
		};
/* End PBXSourcesBuildPhase section */

/* Begin PBXVariantGroup section */
		7714D2CA215080D200349479 /* Main.storyboard */ = {
			isa = PBXVariantGroup;
			children = (
				7714D2CB215080D200349479 /* Base */,
			);
			name = Main.storyboard;
			sourceTree = "<group>";
		};
		7714D2CF215080D400349479 /* LaunchScreen.storyboard */ = {
			isa = PBXVariantGroup;
			children = (
				7714D2D0215080D400349479 /* Base */,
			);
			name = LaunchScreen.storyboard;
			sourceTree = "<group>";
		};
/* End PBXVariantGroup section */

/* Begin XCBuildConfiguration section */
		7714D2D5215080D400349479 /* Debug */ = {
			isa = XCBuildConfiguration;
			buildSettings = {
				ALWAYS_SEARCH_USER_PATHS = NO;
				CLANG_ANALYZER_NONNULL = YES;
				CLANG_ANALYZER_NUMBER_OBJECT_CONVERSION = YES_AGGRESSIVE;
				CLANG_CXX_LANGUAGE_STANDARD = "gnu++14";
				CLANG_CXX_LIBRARY = "libc++";
				CLANG_ENABLE_MODULES = YES;
				CLANG_ENABLE_OBJC_ARC = YES;
				CLANG_ENABLE_OBJC_WEAK = YES;
				CLANG_WARN_BLOCK_CAPTURE_AUTORELEASING = YES;
				CLANG_WARN_BOOL_CONVERSION = YES;
				CLANG_WARN_COMMA = YES;
				CLANG_WARN_CONSTANT_CONVERSION = YES;
				CLANG_WARN_DEPRECATED_OBJC_IMPLEMENTATIONS = YES;
				CLANG_WARN_DIRECT_OBJC_ISA_USAGE = YES_ERROR;
				CLANG_WARN_DOCUMENTATION_COMMENTS = YES;
				CLANG_WARN_EMPTY_BODY = YES;
				CLANG_WARN_ENUM_CONVERSION = YES;
				CLANG_WARN_INFINITE_RECURSION = YES;
				CLANG_WARN_INT_CONVERSION = YES;
				CLANG_WARN_NON_LITERAL_NULL_CONVERSION = YES;
				CLANG_WARN_OBJC_IMPLICIT_RETAIN_SELF = YES;
				CLANG_WARN_OBJC_LITERAL_CONVERSION = YES;
				CLANG_WARN_OBJC_ROOT_CLASS = YES_ERROR;
				CLANG_WARN_RANGE_LOOP_ANALYSIS = YES;
				CLANG_WARN_STRICT_PROTOTYPES = YES;
				CLANG_WARN_SUSPICIOUS_MOVE = YES;
				CLANG_WARN_UNGUARDED_AVAILABILITY = YES_AGGRESSIVE;
				CLANG_WARN_UNREACHABLE_CODE = YES;
				CLANG_WARN__DUPLICATE_METHOD_MATCH = YES;
				CODE_SIGN_IDENTITY = "iPhone Developer";
				COPY_PHASE_STRIP = NO;
				DEBUG_INFORMATION_FORMAT = dwarf;
				ENABLE_STRICT_OBJC_MSGSEND = YES;
				ENABLE_TESTABILITY = YES;
				GCC_C_LANGUAGE_STANDARD = gnu11;
				GCC_DYNAMIC_NO_PIC = NO;
				GCC_NO_COMMON_BLOCKS = YES;
				GCC_OPTIMIZATION_LEVEL = 0;
				GCC_PREPROCESSOR_DEFINITIONS = (
					"DEBUG=1",
					"$(inherited)",
				);
				GCC_WARN_64_TO_32_BIT_CONVERSION = YES;
				GCC_WARN_ABOUT_RETURN_TYPE = YES_ERROR;
				GCC_WARN_UNDECLARED_SELECTOR = YES;
				GCC_WARN_UNINITIALIZED_AUTOS = YES_AGGRESSIVE;
				GCC_WARN_UNUSED_FUNCTION = YES;
				GCC_WARN_UNUSED_VARIABLE = YES;
				IPHONEOS_DEPLOYMENT_TARGET = 11.4;
				MTL_ENABLE_DEBUG_INFO = YES;
				ONLY_ACTIVE_ARCH = YES;
				SDKROOT = iphoneos;
			};
			name = Debug;
		};
		7714D2D6215080D400349479 /* Release */ = {
			isa = XCBuildConfiguration;
			buildSettings = {
				ALWAYS_SEARCH_USER_PATHS = NO;
				CLANG_ANALYZER_NONNULL = YES;
				CLANG_ANALYZER_NUMBER_OBJECT_CONVERSION = YES_AGGRESSIVE;
				CLANG_CXX_LANGUAGE_STANDARD = "gnu++14";
				CLANG_CXX_LIBRARY = "libc++";
				CLANG_ENABLE_MODULES = YES;
				CLANG_ENABLE_OBJC_ARC = YES;
				CLANG_ENABLE_OBJC_WEAK = YES;
				CLANG_WARN_BLOCK_CAPTURE_AUTORELEASING = YES;
				CLANG_WARN_BOOL_CONVERSION = YES;
				CLANG_WARN_COMMA = YES;
				CLANG_WARN_CONSTANT_CONVERSION = YES;
				CLANG_WARN_DEPRECATED_OBJC_IMPLEMENTATIONS = YES;
				CLANG_WARN_DIRECT_OBJC_ISA_USAGE = YES_ERROR;
				CLANG_WARN_DOCUMENTATION_COMMENTS = YES;
				CLANG_WARN_EMPTY_BODY = YES;
				CLANG_WARN_ENUM_CONVERSION = YES;
				CLANG_WARN_INFINITE_RECURSION = YES;
				CLANG_WARN_INT_CONVERSION = YES;
				CLANG_WARN_NON_LITERAL_NULL_CONVERSION = YES;
				CLANG_WARN_OBJC_IMPLICIT_RETAIN_SELF = YES;
				CLANG_WARN_OBJC_LITERAL_CONVERSION = YES;
				CLANG_WARN_OBJC_ROOT_CLASS = YES_ERROR;
				CLANG_WARN_RANGE_LOOP_ANALYSIS = YES;
				CLANG_WARN_STRICT_PROTOTYPES = YES;
				CLANG_WARN_SUSPICIOUS_MOVE = YES;
				CLANG_WARN_UNGUARDED_AVAILABILITY = YES_AGGRESSIVE;
				CLANG_WARN_UNREACHABLE_CODE = YES;
				CLANG_WARN__DUPLICATE_METHOD_MATCH = YES;
				CODE_SIGN_IDENTITY = "iPhone Developer";
				COPY_PHASE_STRIP = NO;
				DEBUG_INFORMATION_FORMAT = "dwarf-with-dsym";
				ENABLE_NS_ASSERTIONS = NO;
				ENABLE_STRICT_OBJC_MSGSEND = YES;
				GCC_C_LANGUAGE_STANDARD = gnu11;
				GCC_NO_COMMON_BLOCKS = YES;
				GCC_WARN_64_TO_32_BIT_CONVERSION = YES;
				GCC_WARN_ABOUT_RETURN_TYPE = YES_ERROR;
				GCC_WARN_UNDECLARED_SELECTOR = YES;
				GCC_WARN_UNINITIALIZED_AUTOS = YES_AGGRESSIVE;
				GCC_WARN_UNUSED_FUNCTION = YES;
				GCC_WARN_UNUSED_VARIABLE = YES;
				IPHONEOS_DEPLOYMENT_TARGET = 11.4;
				MTL_ENABLE_DEBUG_INFO = NO;
				SDKROOT = iphoneos;
				VALIDATE_PRODUCT = YES;
			};
			name = Release;
		};
		7714D2D8215080D400349479 /* Debug */ = {
			isa = XCBuildConfiguration;
			buildSettings = {
				ASSETCATALOG_COMPILER_APPICON_NAME = AppIcon;
				CODE_SIGN_STYLE = Automatic;
				INFOPLIST_FILE = SafaTimer/Info.plist;
				LD_RUNPATH_SEARCH_PATHS = (
					"$(inherited)",
					"@executable_path/Frameworks",
				);
				PRODUCT_BUNDLE_IDENTIFIER = com.demo.SafaTimer;
				PRODUCT_NAME = "$(TARGET_NAME)";
				TARGETED_DEVICE_FAMILY = "1,2";
			};
			name = Debug;
		};
		7714D2D9215080D400349479 /* Release */ = {
			isa = XCBuildConfiguration;
			buildSettings = {
				ASSETCATALOG_COMPILER_APPICON_NAME = AppIcon;
				CODE_SIGN_STYLE = Automatic;
				INFOPLIST_FILE = SafaTimer/Info.plist;
				LD_RUNPATH_SEARCH_PATHS = (
					"$(inherited)",
					"@executable_path/Frameworks",
				);
				PRODUCT_BUNDLE_IDENTIFIER = com.demo.SafaTimer;
				PRODUCT_NAME = "$(TARGET_NAME)";
				TARGETED_DEVICE_FAMILY = "1,2";
			};
			name = Release;
		};
/* End XCBuildConfiguration section */

/* Begin XCConfigurationList section */
		7714D2BC215080D200349479 /* Build configuration list for PBXProject "SafaTimer" */ = {
			isa = XCConfigurationList;
			buildConfigurations = (
				7714D2D5215080D400349479 /* Debug */,
				7714D2D6215080D400349479 /* Release */,
			);
			defaultConfigurationIsVisible = 0;
			defaultConfigurationName = Release;
		};
		7714D2D7215080D400349479 /* Build configuration list for PBXNativeTarget "SafaTimer" */ = {
			isa = XCConfigurationList;
			buildConfigurations = (
				7714D2D8215080D400349479 /* Debug */,
				7714D2D9215080D400349479 /* Release */,
			);
			defaultConfigurationIsVisible = 0;
			defaultConfigurationName = Release;
		};
/* End XCConfigurationList section */
	};
	rootObject = 7714D2B9215080D200349479 /* Project object */;
}
